
Microsoft Visual Studio Solution File, Format Version 12.00
# Visual Studio Version 16
VisualStudioVersion = 16.0.810.25
MinimumVisualStudioVersion = 10.0.40219.1
Project("{FAE04EC0-301F-11D3-BF4B-00C04F79EFBC}") = "IDE-Test-Library", "IDE-Test-Library\IDE-Test-Library.csproj", "{DB20241F-682A-4D4F-A398-A76286C01D7A}"
EndProject
Project("{FAE04EC0-301F-11D3-BF4B-00C04F79EFBC}") = "IDE-Test-Library.Tests", "IDE-Test-Library.Tests\IDE-Test-Library.Tests.csproj", "{BE646CB9-D30A-44CD-AFC6-ADCAF30917AE}"
EndProject
Global
	GlobalSection(SolutionConfigurationPlatforms) = preSolution
		Debug|anycpu = Debug|anycpu
		Release|anycpu = Release|anycpu
	EndGlobalSection
	GlobalSection(ProjectConfigurationPlatforms) = postSolution
		{DB20241F-682A-4D4F-A398-A76286C01D7A}.Debug|anycpu.ActiveCfg = Debug|Any CPU
		{DB20241F-682A-4D4F-A398-A76286C01D7A}.Debug|anycpu.Build.0 = Debug|Any CPU
		{DB20241F-682A-4D4F-A398-A76286C01D7A}.Release|anycpu.ActiveCfg = Release|Any CPU
		{DB20241F-682A-4D4F-A398-A76286C01D7A}.Release|anycpu.Build.0 = Release|Any CPU
		{BE646CB9-D30A-44CD-AFC6-ADCAF30917AE}.Debug|anycpu.ActiveCfg = Debug|Any CPU
		{BE646CB9-D30A-44CD-AFC6-ADCAF30917AE}.Debug|anycpu.Build.0 = Debug|Any CPU
		{BE646CB9-D30A-44CD-AFC6-ADCAF30917AE}.Release|anycpu.ActiveCfg = Release|Any CPU
		{BE646CB9-D30A-44CD-AFC6-ADCAF30917AE}.Release|anycpu.Build.0 = Release|Any CPU
	EndGlobalSection
	GlobalSection(SolutionProperties) = preSolution
		HideSolutionNode = FALSE
	EndGlobalSection
	GlobalSection(ExtensibilityGlobals) = postSolution
		SolutionGuid = {C2939846-3EEC-495A-8CCA-3369401D0088}
	EndGlobalSection
EndGlobal
